
Microsoft Visual Studio Solution File, Format Version 12.00
# Visual Studio Version 17
VisualStudioVersion = 17.13.35806.99
MinimumVisualStudioVersion = 10.0.40219.1
Project("{FAE04EC0-301F-11D3-BF4B-00C04F79EFBC}") = "WindowCluster", "WindowCluster.csproj", "{03A3716E-22D8-4143-BE8E-F10DA77911BD}"
EndProject
Global
	GlobalSection(SolutionConfigurationPlatforms) = preSolution
		Debug|Any CPU = Debug|Any CPU
		Release|Any CPU = Release|Any CPU
	EndGlobalSection
	GlobalSection(ProjectConfigurationPlatforms) = postSolution
		{03A3716E-22D8-4143-BE8E-F10DA77911BD}.Debug|Any CPU.ActiveCfg = Debug|Any CPU
		{03A3716E-22D8-4143-BE8E-F10DA77911BD}.Debug|Any CPU.Build.0 = Debug|Any CPU
		{03A3716E-22D8-4143-BE8E-F10DA77911BD}.Release|Any CPU.ActiveCfg = Release|Any CPU
		{03A3716E-22D8-4143-BE8E-F10DA77911BD}.Release|Any CPU.Build.0 = Release|Any CPU
	EndGlobalSection
	GlobalSection(SolutionProperties) = preSolution
		HideSolutionNode = FALSE
	EndGlobalSection
	GlobalSection(ExtensibilityGlobals) = postSolution
		SolutionGuid = {F5A234F2-7429-4A0B-819C-5B38170231FF}
	EndGlobalSection
EndGlobal
